{
  "version": 4,
  "terraform_version": "1.5.3",
  "serial": 9,
  "lineage": "a78e2d4a-5430-bf32-f3d1-e51630c136d3",
  "outputs": {},
  "resources": [
    {
      "mode": "managed",
      "type": "aci_application_epg",
      "name": "epgs",
      "provider": "provider[\"registry.terraform.io/ciscodevnet/aci\"]",
      "instances": [
        {
          "index_key": "EPG1",
          "schema_version": 1,
          "attributes": {
            "annotation": "EPG1",
            "application_profile_dn": "uni/tn-am-tn-x/ap-am-app",
            "description": "from terraform",
            "exception_tag": "0",
            "flood_on_encap": "disabled",
            "fwd_ctrl": "none",
            "has_mcast_source": "no",
            "id": "uni/tn-am-tn-x/ap-am-app/epg-EPG1",
            "is_attr_based_epg": "no",
            "match_t": "AtleastOne",
            "name": "EPG1",
            "name_alias": "EPG1",
            "pc_enf_pref": "unenforced",
            "pref_gr_memb": "exclude",
            "prio": "level1",
            "relation_fv_rs_aepg_mon_pol": "",
            "relation_fv_rs_bd": "",
            "relation_fv_rs_cons": null,
            "relation_fv_rs_cons_if": null,
            "relation_fv_rs_cust_qos_pol": "",
            "relation_fv_rs_dpp_pol": "",
            "relation_fv_rs_fc_path_att": null,
            "relation_fv_rs_intra_epg": null,
            "relation_fv_rs_node_att": null,
            "relation_fv_rs_path_att": null,
            "relation_fv_rs_prot_by": null,
            "relation_fv_rs_prov": null,
            "relation_fv_rs_prov_def": null,
            "relation_fv_rs_sec_inherited": null,
            "relation_fv_rs_trust_ctrl": "",
            "shutdown": "no"
          },
          "sensitive_attributes": [],
          "private": "eyJzY2hlbWFfdmVyc2lvbiI6IjEifQ==",
          "dependencies": [
            "aci_application_profile.app",
            "aci_tenant.tenant"
          ]
        },
        {
          "index_key": "EPG2",
          "schema_version": 1,
          "attributes": {
            "annotation": "EPG2",
            "application_profile_dn": "uni/tn-am-tn-x/ap-am-app",
            "description": "from terraform",
            "exception_tag": "0",
            "flood_on_encap": "disabled",
            "fwd_ctrl": "none",
            "has_mcast_source": "no",
            "id": "uni/tn-am-tn-x/ap-am-app/epg-EPG2",
            "is_attr_based_epg": "no",
            "match_t": "AtleastOne",
            "name": "EPG2",
            "name_alias": "EPG2",
            "pc_enf_pref": "unenforced",
            "pref_gr_memb": "exclude",
            "prio": "level1",
            "relation_fv_rs_aepg_mon_pol": "",
            "relation_fv_rs_bd": "",
            "relation_fv_rs_cons": null,
            "relation_fv_rs_cons_if": null,
            "relation_fv_rs_cust_qos_pol": "",
            "relation_fv_rs_dpp_pol": "",
            "relation_fv_rs_fc_path_att": null,
            "relation_fv_rs_intra_epg": null,
            "relation_fv_rs_node_att": null,
            "relation_fv_rs_path_att": null,
            "relation_fv_rs_prot_by": null,
            "relation_fv_rs_prov": null,
            "relation_fv_rs_prov_def": null,
            "relation_fv_rs_sec_inherited": null,
            "relation_fv_rs_trust_ctrl": "",
            "shutdown": "no"
          },
          "sensitive_attributes": [],
          "private": "eyJzY2hlbWFfdmVyc2lvbiI6IjEifQ==",
          "dependencies": [
            "aci_application_profile.app",
            "aci_tenant.tenant"
          ]
        },
        {
          "index_key": "EPG3",
          "schema_version": 1,
          "attributes": {
            "annotation": "EPG3",
            "application_profile_dn": "uni/tn-am-tn-x/ap-am-app",
            "description": "from terraform",
            "exception_tag": "0",
            "flood_on_encap": "disabled",
            "fwd_ctrl": "none",
            "has_mcast_source": "no",
            "id": "uni/tn-am-tn-x/ap-am-app/epg-EPG3",
            "is_attr_based_epg": "no",
            "match_t": "AtleastOne",
            "name": "EPG3",
            "name_alias": "EPG3",
            "pc_enf_pref": "unenforced",
            "pref_gr_memb": "exclude",
            "prio": "level1",
            "relation_fv_rs_aepg_mon_pol": "",
            "relation_fv_rs_bd": "",
            "relation_fv_rs_cons": null,
            "relation_fv_rs_cons_if": null,
            "relation_fv_rs_cust_qos_pol": "",
            "relation_fv_rs_dpp_pol": "",
            "relation_fv_rs_fc_path_att": null,
            "relation_fv_rs_intra_epg": null,
            "relation_fv_rs_node_att": null,
            "relation_fv_rs_path_att": null,
            "relation_fv_rs_prot_by": null,
            "relation_fv_rs_prov": null,
            "relation_fv_rs_prov_def": null,
            "relation_fv_rs_sec_inherited": null,
            "relation_fv_rs_trust_ctrl": "",
            "shutdown": "no"
          },
          "sensitive_attributes": [],
          "private": "eyJzY2hlbWFfdmVyc2lvbiI6IjEifQ==",
          "dependencies": [
            "aci_application_profile.app",
            "aci_tenant.tenant"
          ]
        }
      ]
    },
    {
      "mode": "managed",
      "type": "aci_application_profile",
      "name": "app",
      "provider": "provider[\"registry.terraform.io/ciscodevnet/aci\"]",
      "instances": [
        {
          "schema_version": 1,
          "attributes": {
            "annotation": "am-app",
            "description": "from terraform",
            "id": "uni/tn-am-tn-x/ap-am-app",
            "name": "am-app",
            "name_alias": "am-app",
            "prio": "level1",
            "relation_fv_rs_ap_mon_pol": "",
            "tenant_dn": "uni/tn-am-tn-x"
          },
          "sensitive_attributes": [],
          "private": "eyJzY2hlbWFfdmVyc2lvbiI6IjEifQ==",
          "dependencies": [
            "aci_tenant.tenant"
          ]
        }
      ]
    },
    {
      "mode": "managed",
      "type": "aci_tenant",
      "name": "tenant",
      "provider": "provider[\"registry.terraform.io/ciscodevnet/aci\"]",
      "instances": [
        {
          "schema_version": 1,
          "attributes": {
            "annotation": "am-tn-x",
            "description": "from terraform",
            "id": "uni/tn-am-tn-x",
            "name": "am-tn-x",
            "name_alias": "",
            "relation_fv_rs_tenant_mon_pol": "",
            "relation_fv_rs_tn_deny_rule": null
          },
          "sensitive_attributes": [],
          "private": "eyJzY2hlbWFfdmVyc2lvbiI6IjEifQ=="
        }
      ]
    }
  ],
  "check_results": null
}
